
Microsoft Visual Studio Solution File, Format Version 12.00
# Visual Studio Version 16
VisualStudioVersion = 16.0.29123.88
MinimumVisualStudioVersion = 10.0.40219.1
Project("{FAE04EC0-301F-11D3-BF4B-00C04F79EFBC}") = "AlexVanWolferen.SitecorePatches", "AlexVanWolferen.SitecorePatches.csproj", "{0C8BA5DE-02D7-4A37-9B4E-2CCD3B843E8E}"
EndProject
Global
	GlobalSection(SolutionConfigurationPlatforms) = preSolution
		Debug|Any CPU = Debug|Any CPU
		Release|Any CPU = Release|Any CPU
	EndGlobalSection
	GlobalSection(ProjectConfigurationPlatforms) = postSolution
		{0C8BA5DE-02D7-4A37-9B4E-2CCD3B843E8E}.Debug|Any CPU.ActiveCfg = Debug|Any CPU
		{0C8BA5DE-02D7-4A37-9B4E-2CCD3B843E8E}.Debug|Any CPU.Build.0 = Debug|Any CPU
		{0C8BA5DE-02D7-4A37-9B4E-2CCD3B843E8E}.Release|Any CPU.ActiveCfg = Release|Any CPU
		{0C8BA5DE-02D7-4A37-9B4E-2CCD3B843E8E}.Release|Any CPU.Build.0 = Release|Any CPU
	EndGlobalSection
	GlobalSection(SolutionProperties) = preSolution
		HideSolutionNode = FALSE
	EndGlobalSection
	GlobalSection(ExtensibilityGlobals) = postSolution
		SolutionGuid = {C369E25D-FC49-45A6-9E7F-7AE2B142C1FA}
	EndGlobalSection
EndGlobal
